
Microsoft Visual Studio Solution File, Format Version 12.00
# Visual Studio Version 17
VisualStudioVersion = 17.14.36511.14
MinimumVisualStudioVersion = 10.0.40219.1
Project("{FAE04EC0-301F-11D3-BF4B-00C04F79EFBC}") = "GeoPharma", "GeoPharma.csproj", "{E087A465-1D88-405E-82B3-E91086B29A20}"
EndProject
Global
	GlobalSection(SolutionConfigurationPlatforms) = preSolution
		Debug|Any CPU = Debug|Any CPU
		Release|Any CPU = Release|Any CPU
	EndGlobalSection
	GlobalSection(ProjectConfigurationPlatforms) = postSolution
		{E087A465-1D88-405E-82B3-E91086B29A20}.Debug|Any CPU.ActiveCfg = Debug|Any CPU
		{E087A465-1D88-405E-82B3-E91086B29A20}.Debug|Any CPU.Build.0 = Debug|Any CPU
		{E087A465-1D88-405E-82B3-E91086B29A20}.Release|Any CPU.ActiveCfg = Release|Any CPU
		{E087A465-1D88-405E-82B3-E91086B29A20}.Release|Any CPU.Build.0 = Release|Any CPU
	EndGlobalSection
	GlobalSection(SolutionProperties) = preSolution
		HideSolutionNode = FALSE
	EndGlobalSection
	GlobalSection(ExtensibilityGlobals) = postSolution
		SolutionGuid = {B96702A8-D02D-4623-A711-56BD07771FFB}
	EndGlobalSection
EndGlobal
